// !$*UTF8*$!
{
	archiveVersion = 1;
	classes = {
	};
	objectVersion = 46;
	objects = {

/* Begin PBXBuildFile section */
		9D9191771A64F93200ED6B43 /* main.m in Sources */ = {isa = PBXBuildFile; fileRef = 9D9191761A64F93200ED6B43 /* main.m */; };
		9D91917A1A64F93200ED6B43 /* EZAppDelegate.m in Sources */ = {isa = PBXBuildFile; fileRef = 9D9191791A64F93200ED6B43 /* EZAppDelegate.m */; };
		9D9191801A64F93200ED6B43 /* Main.storyboard in Resources */ = {isa = PBXBuildFile; fileRef = 9D91917E1A64F93200ED6B43 /* Main.storyboard */; };
		9D9191821A64F93200ED6B43 /* Images.xcassets in Resources */ = {isa = PBXBuildFile; fileRef = 9D9191811A64F93200ED6B43 /* Images.xcassets */; };
		9D9191851A64F93200ED6B43 /* LaunchScreen.xib in Resources */ = {isa = PBXBuildFile; fileRef = 9D9191831A64F93200ED6B43 /* LaunchScreen.xib */; };
		9D9191911A64F93300ED6B43 /* EZMoviePlayerTests.m in Sources */ = {isa = PBXBuildFile; fileRef = 9D9191901A64F93300ED6B43 /* EZMoviePlayerTests.m */; };
		9D9191F81A6508DA00ED6B43 /* MediaPlayer.framework in Frameworks */ = {isa = PBXBuildFile; fileRef = 9D9191F71A6508DA00ED6B43 /* MediaPlayer.framework */; };
		9D9191FE1A650A6D00ED6B43 /* NSString+Directory.m in Sources */ = {isa = PBXBuildFile; fileRef = 9D9191FD1A650A6D00ED6B43 /* NSString+Directory.m */; };
		9DC551931A66873100D46612 /* EZMoviePlayerViewController.m in Sources */ = {isa = PBXBuildFile; fileRef = 9DC551921A66873100D46612 /* EZMoviePlayerViewController.m */; };
		9DC551A71A66874700D46612 /* AFHTTPRequestOperation.m in Sources */ = {isa = PBXBuildFile; fileRef = 9DC551951A66874700D46612 /* AFHTTPRequestOperation.m */; };
		9DC551A81A66874700D46612 /* AFHTTPRequestOperationManager.m in Sources */ = {isa = PBXBuildFile; fileRef = 9DC551971A66874700D46612 /* AFHTTPRequestOperationManager.m */; };
		9DC551A91A66874700D46612 /* AFHTTPSessionManager.m in Sources */ = {isa = PBXBuildFile; fileRef = 9DC551991A66874700D46612 /* AFHTTPSessionManager.m */; };
		9DC551AA1A66874700D46612 /* AFNetworkReachabilityManager.m in Sources */ = {isa = PBXBuildFile; fileRef = 9DC5519C1A66874700D46612 /* AFNetworkReachabilityManager.m */; };
		9DC551AB1A66874700D46612 /* AFSecurityPolicy.m in Sources */ = {isa = PBXBuildFile; fileRef = 9DC5519E1A66874700D46612 /* AFSecurityPolicy.m */; };
		9DC551AC1A66874700D46612 /* AFURLConnectionOperation.m in Sources */ = {isa = PBXBuildFile; fileRef = 9DC551A01A66874700D46612 /* AFURLConnectionOperation.m */; };
		9DC551AD1A66874700D46612 /* AFURLRequestSerialization.m in Sources */ = {isa = PBXBuildFile; fileRef = 9DC551A21A66874700D46612 /* AFURLRequestSerialization.m */; };
		9DC551AE1A66874700D46612 /* AFURLResponseSerialization.m in Sources */ = {isa = PBXBuildFile; fileRef = 9DC551A41A66874700D46612 /* AFURLResponseSerialization.m */; };
		9DC551AF1A66874700D46612 /* AFURLSessionManager.m in Sources */ = {isa = PBXBuildFile; fileRef = 9DC551A61A66874700D46612 /* AFURLSessionManager.m */; };
		9DC5521B1A6687B600D46612 /* DDData.m in Sources */ = {isa = PBXBuildFile; fileRef = 9DC551E01A6687B600D46612 /* DDData.m */; };
		9DC5521C1A6687B600D46612 /* DDNumber.m in Sources */ = {isa = PBXBuildFile; fileRef = 9DC551E21A6687B600D46612 /* DDNumber.m */; };
		9DC5521D1A6687B600D46612 /* DDRange.m in Sources */ = {isa = PBXBuildFile; fileRef = 9DC551E41A6687B600D46612 /* DDRange.m */; };
		9DC5521E1A6687B600D46612 /* About.txt in Resources */ = {isa = PBXBuildFile; fileRef = 9DC551E61A6687B600D46612 /* About.txt */; };
		9DC5521F1A6687B600D46612 /* GCDAsyncSocket.m in Sources */ = {isa = PBXBuildFile; fileRef = 9DC551E81A6687B600D46612 /* GCDAsyncSocket.m */; };
		9DC552201A6687B600D46612 /* About.txt in Resources */ = {isa = PBXBuildFile; fileRef = 9DC551EA1A6687B600D46612 /* About.txt */; };
		9DC552211A6687B600D46612 /* DDAbstractDatabaseLogger.m in Sources */ = {isa = PBXBuildFile; fileRef = 9DC551EC1A6687B600D46612 /* DDAbstractDatabaseLogger.m */; };
		9DC552221A6687B600D46612 /* DDASLLogger.m in Sources */ = {isa = PBXBuildFile; fileRef = 9DC551EE1A6687B600D46612 /* DDASLLogger.m */; };
		9DC552231A6687B600D46612 /* DDFileLogger.m in Sources */ = {isa = PBXBuildFile; fileRef = 9DC551F01A6687B600D46612 /* DDFileLogger.m */; };
		9DC552241A6687B600D46612 /* DDLog.m in Sources */ = {isa = PBXBuildFile; fileRef = 9DC551F21A6687B600D46612 /* DDLog.m */; };
		9DC552251A6687B600D46612 /* DDTTYLogger.m in Sources */ = {isa = PBXBuildFile; fileRef = 9DC551F41A6687B600D46612 /* DDTTYLogger.m */; };
		9DC552261A6687B600D46612 /* ContextFilterLogFormatter.m in Sources */ = {isa = PBXBuildFile; fileRef = 9DC551F71A6687B600D46612 /* ContextFilterLogFormatter.m */; };
		9DC552271A6687B600D46612 /* DispatchQueueLogFormatter.m in Sources */ = {isa = PBXBuildFile; fileRef = 9DC551F91A6687B600D46612 /* DispatchQueueLogFormatter.m */; };
		9DC552281A6687B600D46612 /* README.txt in Resources */ = {isa = PBXBuildFile; fileRef = 9DC551FA1A6687B600D46612 /* README.txt */; };
		9DC552291A6687B600D46612 /* HTTPAuthenticationRequest.m in Sources */ = {isa = PBXBuildFile; fileRef = 9DC551FC1A6687B600D46612 /* HTTPAuthenticationRequest.m */; };
		9DC5522A1A6687B600D46612 /* HTTPConnection.m in Sources */ = {isa = PBXBuildFile; fileRef = 9DC551FE1A6687B600D46612 /* HTTPConnection.m */; };
		9DC5522B1A6687B600D46612 /* HTTPMessage.m in Sources */ = {isa = PBXBuildFile; fileRef = 9DC552011A6687B600D46612 /* HTTPMessage.m */; };
		9DC5522C1A6687B600D46612 /* HTTPServer.m in Sources */ = {isa = PBXBuildFile; fileRef = 9DC552041A6687B600D46612 /* HTTPServer.m */; };
		9DC5522D1A6687B600D46612 /* MultipartFormDataParser.m in Sources */ = {isa = PBXBuildFile; fileRef = 9DC552071A6687B600D46612 /* MultipartFormDataParser.m */; };
		9DC5522E1A6687B600D46612 /* MultipartMessageHeader.m in Sources */ = {isa = PBXBuildFile; fileRef = 9DC552091A6687B600D46612 /* MultipartMessageHeader.m */; };
		9DC5522F1A6687B600D46612 /* MultipartMessageHeaderField.m in Sources */ = {isa = PBXBuildFile; fileRef = 9DC5520B1A6687B600D46612 /* MultipartMessageHeaderField.m */; };
		9DC552301A6687B600D46612 /* HTTPAsyncFileResponse.m in Sources */ = {isa = PBXBuildFile; fileRef = 9DC5520E1A6687B600D46612 /* HTTPAsyncFileResponse.m */; };
		9DC552311A6687B600D46612 /* HTTPDataResponse.m in Sources */ = {isa = PBXBuildFile; fileRef = 9DC552101A6687B600D46612 /* HTTPDataResponse.m */; };
		9DC552321A6687B600D46612 /* HTTPDynamicFileResponse.m in Sources */ = {isa = PBXBuildFile; fileRef = 9DC552121A6687B600D46612 /* HTTPDynamicFileResponse.m */; };
		9DC552331A6687B600D46612 /* HTTPErrorResponse.m in Sources */ = {isa = PBXBuildFile; fileRef = 9DC552141A6687B600D46612 /* HTTPErrorResponse.m */; };
		9DC552341A6687B600D46612 /* HTTPFileResponse.m in Sources */ = {isa = PBXBuildFile; fileRef = 9DC552161A6687B600D46612 /* HTTPFileResponse.m */; };
		9DC552351A6687B600D46612 /* HTTPRedirectResponse.m in Sources */ = {isa = PBXBuildFile; fileRef = 9DC552181A6687B600D46612 /* HTTPRedirectResponse.m */; };
		9DC552361A6687B600D46612 /* WebSocket.m in Sources */ = {isa = PBXBuildFile; fileRef = 9DC5521A1A6687B600D46612 /* WebSocket.m */; };
/* End PBXBuildFile section */

/* Begin PBXContainerItemProxy section */
		9D91918B1A64F93300ED6B43 /* PBXContainerItemProxy */ = {
			isa = PBXContainerItemProxy;
			containerPortal = 9D9191691A64F93200ED6B43 /* Project object */;
			proxyType = 1;
			remoteGlobalIDString = 9D9191701A64F93200ED6B43;
			remoteInfo = EZMoviePlayer;
		};
/* End PBXContainerItemProxy section */

/* Begin PBXFileReference section */
		9D9191711A64F93200ED6B43 /* EZMoviePlayer.app */ = {isa = PBXFileReference; explicitFileType = wrapper.application; includeInIndex = 0; path = EZMoviePlayer.app; sourceTree = BUILT_PRODUCTS_DIR; };
		9D9191751A64F93200ED6B43 /* Info.plist */ = {isa = PBXFileReference; lastKnownFileType = text.plist.xml; path = Info.plist; sourceTree = "<group>"; };
		9D9191761A64F93200ED6B43 /* main.m */ = {isa = PBXFileReference; lastKnownFileType = sourcecode.c.objc; path = main.m; sourceTree = "<group>"; };
		9D9191781A64F93200ED6B43 /* EZAppDelegate.h */ = {isa = PBXFileReference; lastKnownFileType = sourcecode.c.h; path = EZAppDelegate.h; sourceTree = "<group>"; };
		9D9191791A64F93200ED6B43 /* EZAppDelegate.m */ = {isa = PBXFileReference; lastKnownFileType = sourcecode.c.objc; path = EZAppDelegate.m; sourceTree = "<group>"; };
		9D91917F1A64F93200ED6B43 /* Base */ = {isa = PBXFileReference; lastKnownFileType = file.storyboard; name = Base; path = Base.lproj/Main.storyboard; sourceTree = "<group>"; };
		9D9191811A64F93200ED6B43 /* Images.xcassets */ = {isa = PBXFileReference; lastKnownFileType = folder.assetcatalog; path = Images.xcassets; sourceTree = "<group>"; };
		9D9191841A64F93200ED6B43 /* Base */ = {isa = PBXFileReference; lastKnownFileType = file.xib; name = Base; path = Base.lproj/LaunchScreen.xib; sourceTree = "<group>"; };
		9D91918A1A64F93300ED6B43 /* EZMoviePlayerTests.xctest */ = {isa = PBXFileReference; explicitFileType = wrapper.cfbundle; includeInIndex = 0; path = EZMoviePlayerTests.xctest; sourceTree = BUILT_PRODUCTS_DIR; };
		9D91918F1A64F93300ED6B43 /* Info.plist */ = {isa = PBXFileReference; lastKnownFileType = text.plist.xml; path = Info.plist; sourceTree = "<group>"; };
		9D9191901A64F93300ED6B43 /* EZMoviePlayerTests.m */ = {isa = PBXFileReference; lastKnownFileType = sourcecode.c.objc; path = EZMoviePlayerTests.m; sourceTree = "<group>"; };
		9D9191F71A6508DA00ED6B43 /* MediaPlayer.framework */ = {isa = PBXFileReference; lastKnownFileType = wrapper.framework; name = MediaPlayer.framework; path = System/Library/Frameworks/MediaPlayer.framework; sourceTree = SDKROOT; };
		9D9191FC1A650A6D00ED6B43 /* NSString+Directory.h */ = {isa = PBXFileReference; fileEncoding = 4; lastKnownFileType = sourcecode.c.h; path = "NSString+Directory.h"; sourceTree = "<group>"; };
		9D9191FD1A650A6D00ED6B43 /* NSString+Directory.m */ = {isa = PBXFileReference; fileEncoding = 4; lastKnownFileType = sourcecode.c.objc; path = "NSString+Directory.m"; sourceTree = "<group>"; };
		9DC551911A66873100D46612 /* EZMoviePlayerViewController.h */ = {isa = PBXFileReference; fileEncoding = 4; lastKnownFileType = sourcecode.c.h; path = EZMoviePlayerViewController.h; sourceTree = "<group>"; };
		9DC551921A66873100D46612 /* EZMoviePlayerViewController.m */ = {isa = PBXFileReference; fileEncoding = 4; lastKnownFileType = sourcecode.c.objc; path = EZMoviePlayerViewController.m; sourceTree = "<group>"; };
		9DC551941A66874700D46612 /* AFHTTPRequestOperation.h */ = {isa = PBXFileReference; fileEncoding = 4; lastKnownFileType = sourcecode.c.h; name = AFHTTPRequestOperation.h; path = AFNetworking/AFHTTPRequestOperation.h; sourceTree = "<group>"; };
		9DC551951A66874700D46612 /* AFHTTPRequestOperation.m */ = {isa = PBXFileReference; fileEncoding = 4; lastKnownFileType = sourcecode.c.objc; name = AFHTTPRequestOperation.m; path = AFNetworking/AFHTTPRequestOperation.m; sourceTree = "<group>"; };
		9DC551961A66874700D46612 /* AFHTTPRequestOperationManager.h */ = {isa = PBXFileReference; fileEncoding = 4; lastKnownFileType = sourcecode.c.h; name = AFHTTPRequestOperationManager.h; path = AFNetworking/AFHTTPRequestOperationManager.h; sourceTree = "<group>"; };
		9DC551971A66874700D46612 /* AFHTTPRequestOperationManager.m */ = {isa = PBXFileReference; fileEncoding = 4; lastKnownFileType = sourcecode.c.objc; name = AFHTTPRequestOperationManager.m; path = AFNetworking/AFHTTPRequestOperationManager.m; sourceTree = "<group>"; };
		9DC551981A66874700D46612 /* AFHTTPSessionManager.h */ = {isa = PBXFileReference; fileEncoding = 4; lastKnownFileType = sourcecode.c.h; name = AFHTTPSessionManager.h; path = AFNetworking/AFHTTPSessionManager.h; sourceTree = "<group>"; };
		9DC551991A66874700D46612 /* AFHTTPSessionManager.m */ = {isa = PBXFileReference; fileEncoding = 4; lastKnownFileType = sourcecode.c.objc; name = AFHTTPSessionManager.m; path = AFNetworking/AFHTTPSessionManager.m; sourceTree = "<group>"; };
		9DC5519A1A66874700D46612 /* AFNetworking.h */ = {isa = PBXFileReference; fileEncoding = 4; lastKnownFileType = sourcecode.c.h; name = AFNetworking.h; path = AFNetworking/AFNetworking.h; sourceTree = "<group>"; };
		9DC5519B1A66874700D46612 /* AFNetworkReachabilityManager.h */ = {isa = PBXFileReference; fileEncoding = 4; lastKnownFileType = sourcecode.c.h; name = AFNetworkReachabilityManager.h; path = AFNetworking/AFNetworkReachabilityManager.h; sourceTree = "<group>"; };
		9DC5519C1A66874700D46612 /* AFNetworkReachabilityManager.m */ = {isa = PBXFileReference; fileEncoding = 4; lastKnownFileType = sourcecode.c.objc; name = AFNetworkReachabilityManager.m; path = AFNetworking/AFNetworkReachabilityManager.m; sourceTree = "<group>"; };
		9DC5519D1A66874700D46612 /* AFSecurityPolicy.h */ = {isa = PBXFileReference; fileEncoding = 4; lastKnownFileType = sourcecode.c.h; name = AFSecurityPolicy.h; path = AFNetworking/AFSecurityPolicy.h; sourceTree = "<group>"; };
		9DC5519E1A66874700D46612 /* AFSecurityPolicy.m */ = {isa = PBXFileReference; fileEncoding = 4; lastKnownFileType = sourcecode.c.objc; name = AFSecurityPolicy.m; path = AFNetworking/AFSecurityPolicy.m; sourceTree = "<group>"; };
		9DC5519F1A66874700D46612 /* AFURLConnectionOperation.h */ = {isa = PBXFileReference; fileEncoding = 4; lastKnownFileType = sourcecode.c.h; name = AFURLConnectionOperation.h; path = AFNetworking/AFURLConnectionOperation.h; sourceTree = "<group>"; };
		9DC551A01A66874700D46612 /* AFURLConnectionOperation.m */ = {isa = PBXFileReference; fileEncoding = 4; lastKnownFileType = sourcecode.c.objc; name = AFURLConnectionOperation.m; path = AFNetworking/AFURLConnectionOperation.m; sourceTree = "<group>"; };
		9DC551A11A66874700D46612 /* AFURLRequestSerialization.h */ = {isa = PBXFileReference; fileEncoding = 4; lastKnownFileType = sourcecode.c.h; name = AFURLRequestSerialization.h; path = AFNetworking/AFURLRequestSerialization.h; sourceTree = "<group>"; };
		9DC551A21A66874700D46612 /* AFURLRequestSerialization.m */ = {isa = PBXFileReference; fileEncoding = 4; lastKnownFileType = sourcecode.c.objc; name = AFURLRequestSerialization.m; path = AFNetworking/AFURLRequestSerialization.m; sourceTree = "<group>"; };
		9DC551A31A66874700D46612 /* AFURLResponseSerialization.h */ = {isa = PBXFileReference; fileEncoding = 4; lastKnownFileType = sourcecode.c.h; name = AFURLResponseSerialization.h; path = AFNetworking/AFURLResponseSerialization.h; sourceTree = "<group>"; };
		9DC551A41A66874700D46612 /* AFURLResponseSerialization.m */ = {isa = PBXFileReference; fileEncoding = 4; lastKnownFileType = sourcecode.c.objc; name = AFURLResponseSerialization.m; path = AFNetworking/AFURLResponseSerialization.m; sourceTree = "<group>"; };
		9DC551A51A66874700D46612 /* AFURLSessionManager.h */ = {isa = PBXFileReference; fileEncoding = 4; lastKnownFileType = sourcecode.c.h; name = AFURLSessionManager.h; path = AFNetworking/AFURLSessionManager.h; sourceTree = "<group>"; };
		9DC551A61A66874700D46612 /* AFURLSessionManager.m */ = {isa = PBXFileReference; fileEncoding = 4; lastKnownFileType = sourcecode.c.objc; name = AFURLSessionManager.m; path = AFNetworking/AFURLSessionManager.m; sourceTree = "<group>"; };
		9DC551DF1A6687B600D46612 /* DDData.h */ = {isa = PBXFileReference; fileEncoding = 4; lastKnownFileType = sourcecode.c.h; path = DDData.h; sourceTree = "<group>"; };
		9DC551E01A6687B600D46612 /* DDData.m */ = {isa = PBXFileReference; fileEncoding = 4; lastKnownFileType = sourcecode.c.objc; path = DDData.m; sourceTree = "<group>"; };
		9DC551E11A6687B600D46612 /* DDNumber.h */ = {isa = PBXFileReference; fileEncoding = 4; lastKnownFileType = sourcecode.c.h; path = DDNumber.h; sourceTree = "<group>"; };
		9DC551E21A6687B600D46612 /* DDNumber.m */ = {isa = PBXFileReference; fileEncoding = 4; lastKnownFileType = sourcecode.c.objc; path = DDNumber.m; sourceTree = "<group>"; };
		9DC551E31A6687B600D46612 /* DDRange.h */ = {isa = PBXFileReference; fileEncoding = 4; lastKnownFileType = sourcecode.c.h; path = DDRange.h; sourceTree = "<group>"; };
		9DC551E41A6687B600D46612 /* DDRange.m */ = {isa = PBXFileReference; fileEncoding = 4; lastKnownFileType = sourcecode.c.objc; path = DDRange.m; sourceTree = "<group>"; };
		9DC551E61A6687B600D46612 /* About.txt */ = {isa = PBXFileReference; fileEncoding = 4; lastKnownFileType = text; path = About.txt; sourceTree = "<group>"; };
		9DC551E71A6687B600D46612 /* GCDAsyncSocket.h */ = {isa = PBXFileReference; fileEncoding = 4; lastKnownFileType = sourcecode.c.h; path = GCDAsyncSocket.h; sourceTree = "<group>"; };
		9DC551E81A6687B600D46612 /* GCDAsyncSocket.m */ = {isa = PBXFileReference; fileEncoding = 4; lastKnownFileType = sourcecode.c.objc; path = GCDAsyncSocket.m; sourceTree = "<group>"; };
		9DC551EA1A6687B600D46612 /* About.txt */ = {isa = PBXFileReference; fileEncoding = 4; lastKnownFileType = text; path = About.txt; sourceTree = "<group>"; };
		9DC551EB1A6687B600D46612 /* DDAbstractDatabaseLogger.h */ = {isa = PBXFileReference; fileEncoding = 4; lastKnownFileType = sourcecode.c.h; path = DDAbstractDatabaseLogger.h; sourceTree = "<group>"; };
		9DC551EC1A6687B600D46612 /* DDAbstractDatabaseLogger.m */ = {isa = PBXFileReference; fileEncoding = 4; lastKnownFileType = sourcecode.c.objc; path = DDAbstractDatabaseLogger.m; sourceTree = "<group>"; };
		9DC551ED1A6687B600D46612 /* DDASLLogger.h */ = {isa = PBXFileReference; fileEncoding = 4; lastKnownFileType = sourcecode.c.h; path = DDASLLogger.h; sourceTree = "<group>"; };
		9DC551EE1A6687B600D46612 /* DDASLLogger.m */ = {isa = PBXFileReference; fileEncoding = 4; lastKnownFileType = sourcecode.c.objc; path = DDASLLogger.m; sourceTree = "<group>"; };
		9DC551EF1A6687B600D46612 /* DDFileLogger.h */ = {isa = PBXFileReference; fileEncoding = 4; lastKnownFileType = sourcecode.c.h; path = DDFileLogger.h; sourceTree = "<group>"; };
		9DC551F01A6687B600D46612 /* DDFileLogger.m */ = {isa = PBXFileReference; fileEncoding = 4; lastKnownFileType = sourcecode.c.objc; path = DDFileLogger.m; sourceTree = "<group>"; };
		9DC551F11A6687B600D46612 /* DDLog.h */ = {isa = PBXFileReference; fileEncoding = 4; lastKnownFileType = sourcecode.c.h; path = DDLog.h; sourceTree = "<group>"; };
		9DC551F21A6687B600D46612 /* DDLog.m */ = {isa = PBXFileReference; fileEncoding = 4; lastKnownFileType = sourcecode.c.objc; path = DDLog.m; sourceTree = "<group>"; };
		9DC551F31A6687B600D46612 /* DDTTYLogger.h */ = {isa = PBXFileReference; fileEncoding = 4; lastKnownFileType = sourcecode.c.h; path = DDTTYLogger.h; sourceTree = "<group>"; };
		9DC551F41A6687B600D46612 /* DDTTYLogger.m */ = {isa = PBXFileReference; fileEncoding = 4; lastKnownFileType = sourcecode.c.objc; path = DDTTYLogger.m; sourceTree = "<group>"; };
		9DC551F61A6687B600D46612 /* ContextFilterLogFormatter.h */ = {isa = PBXFileReference; fileEncoding = 4; lastKnownFileType = sourcecode.c.h; path = ContextFilterLogFormatter.h; sourceTree = "<group>"; };
		9DC551F71A6687B600D46612 /* ContextFilterLogFormatter.m */ = {isa = PBXFileReference; fileEncoding = 4; lastKnownFileType = sourcecode.c.objc; path = ContextFilterLogFormatter.m; sourceTree = "<group>"; };
		9DC551F81A6687B600D46612 /* DispatchQueueLogFormatter.h */ = {isa = PBXFileReference; fileEncoding = 4; lastKnownFileType = sourcecode.c.h; path = DispatchQueueLogFormatter.h; sourceTree = "<group>"; };
		9DC551F91A6687B600D46612 /* DispatchQueueLogFormatter.m */ = {isa = PBXFileReference; fileEncoding = 4; lastKnownFileType = sourcecode.c.objc; path = DispatchQueueLogFormatter.m; sourceTree = "<group>"; };
		9DC551FA1A6687B600D46612 /* README.txt */ = {isa = PBXFileReference; fileEncoding = 4; lastKnownFileType = text; path = README.txt; sourceTree = "<group>"; };
		9DC551FB1A6687B600D46612 /* HTTPAuthenticationRequest.h */ = {isa = PBXFileReference; fileEncoding = 4; lastKnownFileType = sourcecode.c.h; name = HTTPAuthenticationRequest.h; path = HTTPServer/HTTPAuthenticationRequest.h; sourceTree = "<group>"; };
		9DC551FC1A6687B600D46612 /* HTTPAuthenticationRequest.m */ = {isa = PBXFileReference; fileEncoding = 4; lastKnownFileType = sourcecode.c.objc; name = HTTPAuthenticationRequest.m; path = HTTPServer/HTTPAuthenticationRequest.m; sourceTree = "<group>"; };
		9DC551FD1A6687B600D46612 /* HTTPConnection.h */ = {isa = PBXFileReference; fileEncoding = 4; lastKnownFileType = sourcecode.c.h; name = HTTPConnection.h; path = HTTPServer/HTTPConnection.h; sourceTree = "<group>"; };
		9DC551FE1A6687B600D46612 /* HTTPConnection.m */ = {isa = PBXFileReference; fileEncoding = 4; lastKnownFileType = sourcecode.c.objc; name = HTTPConnection.m; path = HTTPServer/HTTPConnection.m; sourceTree = "<group>"; };
		9DC551FF1A6687B600D46612 /* HTTPLogging.h */ = {isa = PBXFileReference; fileEncoding = 4; lastKnownFileType = sourcecode.c.h; name = HTTPLogging.h; path = HTTPServer/HTTPLogging.h; sourceTree = "<group>"; };
		9DC552001A6687B600D46612 /* HTTPMessage.h */ = {isa = PBXFileReference; fileEncoding = 4; lastKnownFileType = sourcecode.c.h; name = HTTPMessage.h; path = HTTPServer/HTTPMessage.h; sourceTree = "<group>"; };
		9DC552011A6687B600D46612 /* HTTPMessage.m */ = {isa = PBXFileReference; fileEncoding = 4; lastKnownFileType = sourcecode.c.objc; name = HTTPMessage.m; path = HTTPServer/HTTPMessage.m; sourceTree = "<group>"; };
		9DC552021A6687B600D46612 /* HTTPResponse.h */ = {isa = PBXFileReference; fileEncoding = 4; lastKnownFileType = sourcecode.c.h; name = HTTPResponse.h; path = HTTPServer/HTTPResponse.h; sourceTree = "<group>"; };
		9DC552031A6687B600D46612 /* HTTPServer.h */ = {isa = PBXFileReference; fileEncoding = 4; lastKnownFileType = sourcecode.c.h; name = HTTPServer.h; path = HTTPServer/HTTPServer.h; sourceTree = "<group>"; };
		9DC552041A6687B600D46612 /* HTTPServer.m */ = {isa = PBXFileReference; fileEncoding = 4; lastKnownFileType = sourcecode.c.objc; name = HTTPServer.m; path = HTTPServer/HTTPServer.m; sourceTree = "<group>"; };
		9DC552061A6687B600D46612 /* MultipartFormDataParser.h */ = {isa = PBXFileReference; fileEncoding = 4; lastKnownFileType = sourcecode.c.h; path = MultipartFormDataParser.h; sourceTree = "<group>"; };
		9DC552071A6687B600D46612 /* MultipartFormDataParser.m */ = {isa = PBXFileReference; fileEncoding = 4; lastKnownFileType = sourcecode.c.objc; path = MultipartFormDataParser.m; sourceTree = "<group>"; };
		9DC552081A6687B600D46612 /* MultipartMessageHeader.h */ = {isa = PBXFileReference; fileEncoding = 4; lastKnownFileType = sourcecode.c.h; path = MultipartMessageHeader.h; sourceTree = "<group>"; };
		9DC552091A6687B600D46612 /* MultipartMessageHeader.m */ = {isa = PBXFileReference; fileEncoding = 4; lastKnownFileType = sourcecode.c.objc; path = MultipartMessageHeader.m; sourceTree = "<group>"; };
		9DC5520A1A6687B600D46612 /* MultipartMessageHeaderField.h */ = {isa = PBXFileReference; fileEncoding = 4; lastKnownFileType = sourcecode.c.h; path = MultipartMessageHeaderField.h; sourceTree = "<group>"; };
		9DC5520B1A6687B600D46612 /* MultipartMessageHeaderField.m */ = {isa = PBXFileReference; fileEncoding = 4; lastKnownFileType = sourcecode.c.objc; path = MultipartMessageHeaderField.m; sourceTree = "<group>"; };
		9DC5520D1A6687B600D46612 /* HTTPAsyncFileResponse.h */ = {isa = PBXFileReference; fileEncoding = 4; lastKnownFileType = sourcecode.c.h; path = HTTPAsyncFileResponse.h; sourceTree = "<group>"; };
		9DC5520E1A6687B600D46612 /* HTTPAsyncFileResponse.m */ = {isa = PBXFileReference; fileEncoding = 4; lastKnownFileType = sourcecode.c.objc; path = HTTPAsyncFileResponse.m; sourceTree = "<group>"; };
		9DC5520F1A6687B600D46612 /* HTTPDataResponse.h */ = {isa = PBXFileReference; fileEncoding = 4; lastKnownFileType = sourcecode.c.h; path = HTTPDataResponse.h; sourceTree = "<group>"; };
		9DC552101A6687B600D46612 /* HTTPDataResponse.m */ = {isa = PBXFileReference; fileEncoding = 4; lastKnownFileType = sourcecode.c.objc; path = HTTPDataResponse.m; sourceTree = "<group>"; };
		9DC552111A6687B600D46612 /* HTTPDynamicFileResponse.h */ = {isa = PBXFileReference; fileEncoding = 4; lastKnownFileType = sourcecode.c.h; path = HTTPDynamicFileResponse.h; sourceTree = "<group>"; };
		9DC552121A6687B600D46612 /* HTTPDynamicFileResponse.m */ = {isa = PBXFileReference; fileEncoding = 4; lastKnownFileType = sourcecode.c.objc; path = HTTPDynamicFileResponse.m; sourceTree = "<group>"; };
		9DC552131A6687B600D46612 /* HTTPErrorResponse.h */ = {isa = PBXFileReference; fileEncoding = 4; lastKnownFileType = sourcecode.c.h; path = HTTPErrorResponse.h; sourceTree = "<group>"; };
		9DC552141A6687B600D46612 /* HTTPErrorResponse.m */ = {isa = PBXFileReference; fileEncoding = 4; lastKnownFileType = sourcecode.c.objc; path = HTTPErrorResponse.m; sourceTree = "<group>"; };
		9DC552151A6687B600D46612 /* HTTPFileResponse.h */ = {isa = PBXFileReference; fileEncoding = 4; lastKnownFileType = sourcecode.c.h; path = HTTPFileResponse.h; sourceTree = "<group>"; };
		9DC552161A6687B600D46612 /* HTTPFileResponse.m */ = {isa = PBXFileReference; fileEncoding = 4; lastKnownFileType = sourcecode.c.objc; path = HTTPFileResponse.m; sourceTree = "<group>"; };
		9DC552171A6687B600D46612 /* HTTPRedirectResponse.h */ = {isa = PBXFileReference; fileEncoding = 4; lastKnownFileType = sourcecode.c.h; path = HTTPRedirectResponse.h; sourceTree = "<group>"; };
		9DC552181A6687B600D46612 /* HTTPRedirectResponse.m */ = {isa = PBXFileReference; fileEncoding = 4; lastKnownFileType = sourcecode.c.objc; path = HTTPRedirectResponse.m; sourceTree = "<group>"; };
		9DC552191A6687B600D46612 /* WebSocket.h */ = {isa = PBXFileReference; fileEncoding = 4; lastKnownFileType = sourcecode.c.h; name = WebSocket.h; path = HTTPServer/WebSocket.h; sourceTree = "<group>"; };
		9DC5521A1A6687B600D46612 /* WebSocket.m */ = {isa = PBXFileReference; fileEncoding = 4; lastKnownFileType = sourcecode.c.objc; name = WebSocket.m; path = HTTPServer/WebSocket.m; sourceTree = "<group>"; };
/* End PBXFileReference section */

/* Begin PBXFrameworksBuildPhase section */
		9D91916E1A64F93200ED6B43 /* Frameworks */ = {
			isa = PBXFrameworksBuildPhase;
			buildActionMask = 2147483647;
			files = (
				9D9191F81A6508DA00ED6B43 /* MediaPlayer.framework in Frameworks */,
			);
			runOnlyForDeploymentPostprocessing = 0;
		};
		9D9191871A64F93300ED6B43 /* Frameworks */ = {
			isa = PBXFrameworksBuildPhase;
			buildActionMask = 2147483647;
			files = (
			);
			runOnlyForDeploymentPostprocessing = 0;
		};
/* End PBXFrameworksBuildPhase section */

/* Begin PBXGroup section */
		9D9191681A64F93200ED6B43 = {
			isa = PBXGroup;
			children = (
				9D9191F71A6508DA00ED6B43 /* MediaPlayer.framework */,
				9D9191731A64F93200ED6B43 /* EZMoviePlayer */,
				9D91918D1A64F93300ED6B43 /* EZMoviePlayerTests */,
				9D9191721A64F93200ED6B43 /* Products */,
			);
			sourceTree = "<group>";
		};
		9D9191721A64F93200ED6B43 /* Products */ = {
			isa = PBXGroup;
			children = (
				9D9191711A64F93200ED6B43 /* EZMoviePlayer.app */,
				9D91918A1A64F93300ED6B43 /* EZMoviePlayerTests.xctest */,
			);
			name = Products;
			sourceTree = "<group>";
		};
		9D9191731A64F93200ED6B43 /* EZMoviePlayer */ = {
			isa = PBXGroup;
			children = (
				9D9191FF1A650D1C00ED6B43 /* AFNetworking */,
				9D91919A1A64F99400ED6B43 /* HTTPServer */,
				9D9191781A64F93200ED6B43 /* EZAppDelegate.h */,
				9D9191791A64F93200ED6B43 /* EZAppDelegate.m */,
				9D9191FC1A650A6D00ED6B43 /* NSString+Directory.h */,
				9D9191FD1A650A6D00ED6B43 /* NSString+Directory.m */,
				9DC551911A66873100D46612 /* EZMoviePlayerViewController.h */,
				9DC551921A66873100D46612 /* EZMoviePlayerViewController.m */,
				9D91917E1A64F93200ED6B43 /* Main.storyboard */,
				9D9191811A64F93200ED6B43 /* Images.xcassets */,
				9D9191831A64F93200ED6B43 /* LaunchScreen.xib */,
				9D9191741A64F93200ED6B43 /* Supporting Files */,
			);
			path = EZMoviePlayer;
			sourceTree = "<group>";
		};
		9D9191741A64F93200ED6B43 /* Supporting Files */ = {
			isa = PBXGroup;
			children = (
				9D9191751A64F93200ED6B43 /* Info.plist */,
				9D9191761A64F93200ED6B43 /* main.m */,
			);
			name = "Supporting Files";
			sourceTree = "<group>";
		};
		9D91918D1A64F93300ED6B43 /* EZMoviePlayerTests */ = {
			isa = PBXGroup;
			children = (
				9D9191901A64F93300ED6B43 /* EZMoviePlayerTests.m */,
				9D91918E1A64F93300ED6B43 /* Supporting Files */,
			);
			path = EZMoviePlayerTests;
			sourceTree = "<group>";
		};
		9D91918E1A64F93300ED6B43 /* Supporting Files */ = {
			isa = PBXGroup;
			children = (
				9D91918F1A64F93300ED6B43 /* Info.plist */,
			);
			name = "Supporting Files";
			sourceTree = "<group>";
		};
		9D91919A1A64F99400ED6B43 /* HTTPServer */ = {
			isa = PBXGroup;
			children = (
				9DC551DE1A6687B600D46612 /* Categories */,
				9DC551E51A6687B600D46612 /* CocoaAsyncSocket */,
				9DC551E91A6687B600D46612 /* CocoaLumberjack */,
				9DC551FB1A6687B600D46612 /* HTTPAuthenticationRequest.h */,
				9DC551FC1A6687B600D46612 /* HTTPAuthenticationRequest.m */,
				9DC551FD1A6687B600D46612 /* HTTPConnection.h */,
				9DC551FE1A6687B600D46612 /* HTTPConnection.m */,
				9DC551FF1A6687B600D46612 /* HTTPLogging.h */,
				9DC552001A6687B600D46612 /* HTTPMessage.h */,
				9DC552011A6687B600D46612 /* HTTPMessage.m */,
				9DC552021A6687B600D46612 /* HTTPResponse.h */,
				9DC552031A6687B600D46612 /* HTTPServer.h */,
				9DC552041A6687B600D46612 /* HTTPServer.m */,
				9DC552051A6687B600D46612 /* Mime */,
				9DC5520C1A6687B600D46612 /* Responses */,
				9DC552191A6687B600D46612 /* WebSocket.h */,
				9DC5521A1A6687B600D46612 /* WebSocket.m */,
			);
			name = HTTPServer;
			sourceTree = "<group>";
		};
		9D9191FF1A650D1C00ED6B43 /* AFNetworking */ = {
			isa = PBXGroup;
			children = (
				9DC551941A66874700D46612 /* AFHTTPRequestOperation.h */,
				9DC551951A66874700D46612 /* AFHTTPRequestOperation.m */,
				9DC551961A66874700D46612 /* AFHTTPRequestOperationManager.h */,
				9DC551971A66874700D46612 /* AFHTTPRequestOperationManager.m */,
				9DC551981A66874700D46612 /* AFHTTPSessionManager.h */,
				9DC551991A66874700D46612 /* AFHTTPSessionManager.m */,
				9DC5519A1A66874700D46612 /* AFNetworking.h */,
				9DC5519B1A66874700D46612 /* AFNetworkReachabilityManager.h */,
				9DC5519C1A66874700D46612 /* AFNetworkReachabilityManager.m */,
				9DC5519D1A66874700D46612 /* AFSecurityPolicy.h */,
				9DC5519E1A66874700D46612 /* AFSecurityPolicy.m */,
				9DC5519F1A66874700D46612 /* AFURLConnectionOperation.h */,
				9DC551A01A66874700D46612 /* AFURLConnectionOperation.m */,
				9DC551A11A66874700D46612 /* AFURLRequestSerialization.h */,
				9DC551A21A66874700D46612 /* AFURLRequestSerialization.m */,
				9DC551A31A66874700D46612 /* AFURLResponseSerialization.h */,
				9DC551A41A66874700D46612 /* AFURLResponseSerialization.m */,
				9DC551A51A66874700D46612 /* AFURLSessionManager.h */,
				9DC551A61A66874700D46612 /* AFURLSessionManager.m */,
			);
			name = AFNetworking;
			sourceTree = "<group>";
		};
		9DC551DE1A6687B600D46612 /* Categories */ = {
			isa = PBXGroup;
			children = (
				9DC551DF1A6687B600D46612 /* DDData.h */,
				9DC551E01A6687B600D46612 /* DDData.m */,
				9DC551E11A6687B600D46612 /* DDNumber.h */,
				9DC551E21A6687B600D46612 /* DDNumber.m */,
				9DC551E31A6687B600D46612 /* DDRange.h */,
				9DC551E41A6687B600D46612 /* DDRange.m */,
			);
			name = Categories;
			path = HTTPServer/Categories;
			sourceTree = "<group>";
		};
		9DC551E51A6687B600D46612 /* CocoaAsyncSocket */ = {
			isa = PBXGroup;
			children = (
				9DC551E61A6687B600D46612 /* About.txt */,
				9DC551E71A6687B600D46612 /* GCDAsyncSocket.h */,
				9DC551E81A6687B600D46612 /* GCDAsyncSocket.m */,
			);
			name = CocoaAsyncSocket;
			path = HTTPServer/CocoaAsyncSocket;
			sourceTree = "<group>";
		};
		9DC551E91A6687B600D46612 /* CocoaLumberjack */ = {
			isa = PBXGroup;
			children = (
				9DC551EA1A6687B600D46612 /* About.txt */,
				9DC551EB1A6687B600D46612 /* DDAbstractDatabaseLogger.h */,
				9DC551EC1A6687B600D46612 /* DDAbstractDatabaseLogger.m */,
				9DC551ED1A6687B600D46612 /* DDASLLogger.h */,
				9DC551EE1A6687B600D46612 /* DDASLLogger.m */,
				9DC551EF1A6687B600D46612 /* DDFileLogger.h */,
				9DC551F01A6687B600D46612 /* DDFileLogger.m */,
				9DC551F11A6687B600D46612 /* DDLog.h */,
				9DC551F21A6687B600D46612 /* DDLog.m */,
				9DC551F31A6687B600D46612 /* DDTTYLogger.h */,
				9DC551F41A6687B600D46612 /* DDTTYLogger.m */,
				9DC551F51A6687B600D46612 /* Extensions */,
			);
			name = CocoaLumberjack;
			path = HTTPServer/CocoaLumberjack;
			sourceTree = "<group>";
		};
		9DC551F51A6687B600D46612 /* Extensions */ = {
			isa = PBXGroup;
			children = (
				9DC551F61A6687B600D46612 /* ContextFilterLogFormatter.h */,
				9DC551F71A6687B600D46612 /* ContextFilterLogFormatter.m */,
				9DC551F81A6687B600D46612 /* DispatchQueueLogFormatter.h */,
				9DC551F91A6687B600D46612 /* DispatchQueueLogFormatter.m */,
				9DC551FA1A6687B600D46612 /* README.txt */,
			);
			path = Extensions;
			sourceTree = "<group>";
		};
		9DC552051A6687B600D46612 /* Mime */ = {
			isa = PBXGroup;
			children = (
				9DC552061A6687B600D46612 /* MultipartFormDataParser.h */,
				9DC552071A6687B600D46612 /* MultipartFormDataParser.m */,
				9DC552081A6687B600D46612 /* MultipartMessageHeader.h */,
				9DC552091A6687B600D46612 /* MultipartMessageHeader.m */,
				9DC5520A1A6687B600D46612 /* MultipartMessageHeaderField.h */,
				9DC5520B1A6687B600D46612 /* MultipartMessageHeaderField.m */,
			);
			name = Mime;
			path = HTTPServer/Mime;
			sourceTree = "<group>";
		};
		9DC5520C1A6687B600D46612 /* Responses */ = {
			isa = PBXGroup;
			children = (
				9DC5520D1A6687B600D46612 /* HTTPAsyncFileResponse.h */,
				9DC5520E1A6687B600D46612 /* HTTPAsyncFileResponse.m */,
				9DC5520F1A6687B600D46612 /* HTTPDataResponse.h */,
				9DC552101A6687B600D46612 /* HTTPDataResponse.m */,
				9DC552111A6687B600D46612 /* HTTPDynamicFileResponse.h */,
				9DC552121A6687B600D46612 /* HTTPDynamicFileResponse.m */,
				9DC552131A6687B600D46612 /* HTTPErrorResponse.h */,
				9DC552141A6687B600D46612 /* HTTPErrorResponse.m */,
				9DC552151A6687B600D46612 /* HTTPFileResponse.h */,
				9DC552161A6687B600D46612 /* HTTPFileResponse.m */,
				9DC552171A6687B600D46612 /* HTTPRedirectResponse.h */,
				9DC552181A6687B600D46612 /* HTTPRedirectResponse.m */,
			);
			name = Responses;
			path = HTTPServer/Responses;
			sourceTree = "<group>";
		};
/* End PBXGroup section */

/* Begin PBXNativeTarget section */
		9D9191701A64F93200ED6B43 /* EZMoviePlayer */ = {
			isa = PBXNativeTarget;
			buildConfigurationList = 9D9191941A64F93300ED6B43 /* Build configuration list for PBXNativeTarget "EZMoviePlayer" */;
			buildPhases = (
				9D91916D1A64F93200ED6B43 /* Sources */,
				9D91916E1A64F93200ED6B43 /* Frameworks */,
				9D91916F1A64F93200ED6B43 /* Resources */,
			);
			buildRules = (
			);
			dependencies = (
			);
			name = EZMoviePlayer;
			productName = EZMoviePlayer;
			productReference = 9D9191711A64F93200ED6B43 /* EZMoviePlayer.app */;
			productType = "com.apple.product-type.application";
		};
		9D9191891A64F93300ED6B43 /* EZMoviePlayerTests */ = {
			isa = PBXNativeTarget;
			buildConfigurationList = 9D9191971A64F93300ED6B43 /* Build configuration list for PBXNativeTarget "EZMoviePlayerTests" */;
			buildPhases = (
				9D9191861A64F93300ED6B43 /* Sources */,
				9D9191871A64F93300ED6B43 /* Frameworks */,
				9D9191881A64F93300ED6B43 /* Resources */,
			);
			buildRules = (
			);
			dependencies = (
				9D91918C1A64F93300ED6B43 /* PBXTargetDependency */,
			);
			name = EZMoviePlayerTests;
			productName = EZMoviePlayerTests;
			productReference = 9D91918A1A64F93300ED6B43 /* EZMoviePlayerTests.xctest */;
			productType = "com.apple.product-type.bundle.unit-test";
		};
/* End PBXNativeTarget section */

/* Begin PBXProject section */
		9D9191691A64F93200ED6B43 /* Project object */ = {
			isa = PBXProject;
			attributes = {
				CLASSPREFIX = EZ;
				LastUpgradeCheck = 0610;
				ORGANIZATIONNAME = Ezer;
				TargetAttributes = {
					9D9191701A64F93200ED6B43 = {
						CreatedOnToolsVersion = 6.1.1;
					};
					9D9191891A64F93300ED6B43 = {
						CreatedOnToolsVersion = 6.1.1;
						TestTargetID = 9D9191701A64F93200ED6B43;
					};
				};
			};
			buildConfigurationList = 9D91916C1A64F93200ED6B43 /* Build configuration list for PBXProject "EZMoviePlayer" */;
			compatibilityVersion = "Xcode 3.2";
			developmentRegion = English;
			hasScannedForEncodings = 0;
			knownRegions = (
				en,
				Base,
			);
			mainGroup = 9D9191681A64F93200ED6B43;
			productRefGroup = 9D9191721A64F93200ED6B43 /* Products */;
			projectDirPath = "";
			projectRoot = "";
			targets = (
				9D9191701A64F93200ED6B43 /* EZMoviePlayer */,
				9D9191891A64F93300ED6B43 /* EZMoviePlayerTests */,
			);
		};
/* End PBXProject section */

/* Begin PBXResourcesBuildPhase section */
		9D91916F1A64F93200ED6B43 /* Resources */ = {
			isa = PBXResourcesBuildPhase;
			buildActionMask = 2147483647;
			files = (
				9D9191801A64F93200ED6B43 /* Main.storyboard in Resources */,
				9D9191851A64F93200ED6B43 /* LaunchScreen.xib in Resources */,
				9DC5521E1A6687B600D46612 /* About.txt in Resources */,
				9D9191821A64F93200ED6B43 /* Images.xcassets in Resources */,
				9DC552281A6687B600D46612 /* README.txt in Resources */,
				9DC552201A6687B600D46612 /* About.txt in Resources */,
			);
			runOnlyForDeploymentPostprocessing = 0;
		};
		9D9191881A64F93300ED6B43 /* Resources */ = {
			isa = PBXResourcesBuildPhase;
			buildActionMask = 2147483647;
			files = (
			);
			runOnlyForDeploymentPostprocessing = 0;
		};
/* End PBXResourcesBuildPhase section */

/* Begin PBXSourcesBuildPhase section */
		9D91916D1A64F93200ED6B43 /* Sources */ = {
			isa = PBXSourcesBuildPhase;
			buildActionMask = 2147483647;
			files = (
				9DC5522F1A6687B600D46612 /* MultipartMessageHeaderField.m in Sources */,
				9DC552291A6687B600D46612 /* HTTPAuthenticationRequest.m in Sources */,
				9DC552311A6687B600D46612 /* HTTPDataResponse.m in Sources */,
				9DC552241A6687B600D46612 /* DDLog.m in Sources */,
				9DC552341A6687B600D46612 /* HTTPFileResponse.m in Sources */,
				9DC552271A6687B600D46612 /* DispatchQueueLogFormatter.m in Sources */,
				9DC551AE1A66874700D46612 /* AFURLResponseSerialization.m in Sources */,
				9D9191FE1A650A6D00ED6B43 /* NSString+Directory.m in Sources */,
				9DC551A71A66874700D46612 /* AFHTTPRequestOperation.m in Sources */,
				9DC551AC1A66874700D46612 /* AFURLConnectionOperation.m in Sources */,
				9DC552221A6687B600D46612 /* DDASLLogger.m in Sources */,
				9DC552361A6687B600D46612 /* WebSocket.m in Sources */,
				9DC552261A6687B600D46612 /* ContextFilterLogFormatter.m in Sources */,
				9DC5522A1A6687B600D46612 /* HTTPConnection.m in Sources */,
				9DC552351A6687B600D46612 /* HTTPRedirectResponse.m in Sources */,
				9DC5522B1A6687B600D46612 /* HTTPMessage.m in Sources */,
				9D91917A1A64F93200ED6B43 /* EZAppDelegate.m in Sources */,
				9DC5521F1A6687B600D46612 /* GCDAsyncSocket.m in Sources */,
				9DC551931A66873100D46612 /* EZMoviePlayerViewController.m in Sources */,
				9DC551A81A66874700D46612 /* AFHTTPRequestOperationManager.m in Sources */,
				9DC5522E1A6687B600D46612 /* MultipartMessageHeader.m in Sources */,
				9DC552231A6687B600D46612 /* DDFileLogger.m in Sources */,
				9DC551A91A66874700D46612 /* AFHTTPSessionManager.m in Sources */,
				9DC5521C1A6687B600D46612 /* DDNumber.m in Sources */,
				9DC5521D1A6687B600D46612 /* DDRange.m in Sources */,
				9DC552321A6687B600D46612 /* HTTPDynamicFileResponse.m in Sources */,
				9DC551AD1A66874700D46612 /* AFURLRequestSerialization.m in Sources */,
				9DC552251A6687B600D46612 /* DDTTYLogger.m in Sources */,
				9DC5521B1A6687B600D46612 /* DDData.m in Sources */,
				9DC5522D1A6687B600D46612 /* MultipartFormDataParser.m in Sources */,
				9DC551AF1A66874700D46612 /* AFURLSessionManager.m in Sources */,
				9DC552211A6687B600D46612 /* DDAbstractDatabaseLogger.m in Sources */,
				9DC551AB1A66874700D46612 /* AFSecurityPolicy.m in Sources */,
				9DC552331A6687B600D46612 /* HTTPErrorResponse.m in Sources */,
				9D9191771A64F93200ED6B43 /* main.m in Sources */,
				9DC5522C1A6687B600D46612 /* HTTPServer.m in Sources */,
				9DC551AA1A66874700D46612 /* AFNetworkReachabilityManager.m in Sources */,
				9DC552301A6687B600D46612 /* HTTPAsyncFileResponse.m in Sources */,
			);
			runOnlyForDeploymentPostprocessing = 0;
		};
		9D9191861A64F93300ED6B43 /* Sources */ = {
			isa = PBXSourcesBuildPhase;
			buildActionMask = 2147483647;
			files = (
				9D9191911A64F93300ED6B43 /* EZMoviePlayerTests.m in Sources */,
			);
			runOnlyForDeploymentPostprocessing = 0;
		};
/* End PBXSourcesBuildPhase section */

/* Begin PBXTargetDependency section */
		9D91918C1A64F93300ED6B43 /* PBXTargetDependency */ = {
			isa = PBXTargetDependency;
			target = 9D9191701A64F93200ED6B43 /* EZMoviePlayer */;
			targetProxy = 9D91918B1A64F93300ED6B43 /* PBXContainerItemProxy */;
		};
/* End PBXTargetDependency section */

/* Begin PBXVariantGroup section */
		9D91917E1A64F93200ED6B43 /* Main.storyboard */ = {
			isa = PBXVariantGroup;
			children = (
				9D91917F1A64F93200ED6B43 /* Base */,
			);
			name = Main.storyboard;
			sourceTree = "<group>";
		};
		9D9191831A64F93200ED6B43 /* LaunchScreen.xib */ = {
			isa = PBXVariantGroup;
			children = (
				9D9191841A64F93200ED6B43 /* Base */,
			);
			name = LaunchScreen.xib;
			sourceTree = "<group>";
		};
/* End PBXVariantGroup section */

/* Begin XCBuildConfiguration section */
		9D9191921A64F93300ED6B43 /* Debug */ = {
			isa = XCBuildConfiguration;
			buildSettings = {
				ALWAYS_SEARCH_USER_PATHS = NO;
				CLANG_CXX_LANGUAGE_STANDARD = "gnu++0x";
				CLANG_CXX_LIBRARY = "libc++";
				CLANG_ENABLE_MODULES = YES;
				CLANG_ENABLE_OBJC_ARC = YES;
				CLANG_WARN_BOOL_CONVERSION = YES;
				CLANG_WARN_CONSTANT_CONVERSION = YES;
				CLANG_WARN_DIRECT_OBJC_ISA_USAGE = YES_ERROR;
				CLANG_WARN_EMPTY_BODY = YES;
				CLANG_WARN_ENUM_CONVERSION = YES;
				CLANG_WARN_INT_CONVERSION = YES;
				CLANG_WARN_OBJC_ROOT_CLASS = YES_ERROR;
				CLANG_WARN_UNREACHABLE_CODE = YES;
				CLANG_WARN__DUPLICATE_METHOD_MATCH = YES;
				"CODE_SIGN_IDENTITY[sdk=iphoneos*]" = "iPhone Developer";
				COPY_PHASE_STRIP = NO;
				ENABLE_STRICT_OBJC_MSGSEND = YES;
				GCC_C_LANGUAGE_STANDARD = gnu99;
				GCC_DYNAMIC_NO_PIC = NO;
				GCC_OPTIMIZATION_LEVEL = 0;
				GCC_PREPROCESSOR_DEFINITIONS = (
					"DEBUG=1",
					"$(inherited)",
				);
				GCC_SYMBOLS_PRIVATE_EXTERN = NO;
				GCC_WARN_64_TO_32_BIT_CONVERSION = YES;
				GCC_WARN_ABOUT_RETURN_TYPE = YES_ERROR;
				GCC_WARN_UNDECLARED_SELECTOR = YES;
				GCC_WARN_UNINITIALIZED_AUTOS = YES_AGGRESSIVE;
				GCC_WARN_UNUSED_FUNCTION = YES;
				GCC_WARN_UNUSED_VARIABLE = YES;
				IPHONEOS_DEPLOYMENT_TARGET = 7.1;
				MTL_ENABLE_DEBUG_INFO = YES;
				ONLY_ACTIVE_ARCH = YES;
				SDKROOT = iphoneos;
				TARGETED_DEVICE_FAMILY = "1,2";
			};
			name = Debug;
		};
		9D9191931A64F93300ED6B43 /* Release */ = {
			isa = XCBuildConfiguration;
			buildSettings = {
				ALWAYS_SEARCH_USER_PATHS = NO;
				CLANG_CXX_LANGUAGE_STANDARD = "gnu++0x";
				CLANG_CXX_LIBRARY = "libc++";
				CLANG_ENABLE_MODULES = YES;
				CLANG_ENABLE_OBJC_ARC = YES;
				CLANG_WARN_BOOL_CONVERSION = YES;
				CLANG_WARN_CONSTANT_CONVERSION = YES;
				CLANG_WARN_DIRECT_OBJC_ISA_USAGE = YES_ERROR;
				CLANG_WARN_EMPTY_BODY = YES;
				CLANG_WARN_ENUM_CONVERSION = YES;
				CLANG_WARN_INT_CONVERSION = YES;
				CLANG_WARN_OBJC_ROOT_CLASS = YES_ERROR;
				CLANG_WARN_UNREACHABLE_CODE = YES;
				CLANG_WARN__DUPLICATE_METHOD_MATCH = YES;
				"CODE_SIGN_IDENTITY[sdk=iphoneos*]" = "iPhone Developer";
				COPY_PHASE_STRIP = YES;
				ENABLE_NS_ASSERTIONS = NO;
				ENABLE_STRICT_OBJC_MSGSEND = YES;
				GCC_C_LANGUAGE_STANDARD = gnu99;
				GCC_WARN_64_TO_32_BIT_CONVERSION = YES;
				GCC_WARN_ABOUT_RETURN_TYPE = YES_ERROR;
				GCC_WARN_UNDECLARED_SELECTOR = YES;
				GCC_WARN_UNINITIALIZED_AUTOS = YES_AGGRESSIVE;
				GCC_WARN_UNUSED_FUNCTION = YES;
				GCC_WARN_UNUSED_VARIABLE = YES;
				IPHONEOS_DEPLOYMENT_TARGET = 7.1;
				MTL_ENABLE_DEBUG_INFO = NO;
				SDKROOT = iphoneos;
				TARGETED_DEVICE_FAMILY = "1,2";
				VALIDATE_PRODUCT = YES;
			};
			name = Release;
		};
		9D9191951A64F93300ED6B43 /* Debug */ = {
			isa = XCBuildConfiguration;
			buildSettings = {
				ASSETCATALOG_COMPILER_APPICON_NAME = AppIcon;
				INFOPLIST_FILE = EZMoviePlayer/Info.plist;
				IPHONEOS_DEPLOYMENT_TARGET = 7.1;
				LD_RUNPATH_SEARCH_PATHS = "$(inherited) @executable_path/Frameworks";
				PRODUCT_NAME = "$(TARGET_NAME)";
			};
			name = Debug;
		};
		9D9191961A64F93300ED6B43 /* Release */ = {
			isa = XCBuildConfiguration;
			buildSettings = {
				ASSETCATALOG_COMPILER_APPICON_NAME = AppIcon;
				INFOPLIST_FILE = EZMoviePlayer/Info.plist;
				IPHONEOS_DEPLOYMENT_TARGET = 7.1;
				LD_RUNPATH_SEARCH_PATHS = "$(inherited) @executable_path/Frameworks";
				PRODUCT_NAME = "$(TARGET_NAME)";
			};
			name = Release;
		};
		9D9191981A64F93300ED6B43 /* Debug */ = {
			isa = XCBuildConfiguration;
			buildSettings = {
				BUNDLE_LOADER = "$(TEST_HOST)";
				FRAMEWORK_SEARCH_PATHS = (
					"$(SDKROOT)/Developer/Library/Frameworks",
					"$(inherited)",
				);
				GCC_PREPROCESSOR_DEFINITIONS = (
					"DEBUG=1",
					"$(inherited)",
				);
				INFOPLIST_FILE = EZMoviePlayerTests/Info.plist;
				LD_RUNPATH_SEARCH_PATHS = "$(inherited) @executable_path/Frameworks @loader_path/Frameworks";
				PRODUCT_NAME = "$(TARGET_NAME)";
				TEST_HOST = "$(BUILT_PRODUCTS_DIR)/EZMoviePlayer.app/EZMoviePlayer";
			};
			name = Debug;
		};
		9D9191991A64F93300ED6B43 /* Release */ = {
			isa = XCBuildConfiguration;
			buildSettings = {
				BUNDLE_LOADER = "$(TEST_HOST)";
				FRAMEWORK_SEARCH_PATHS = (
					"$(SDKROOT)/Developer/Library/Frameworks",
					"$(inherited)",
				);
				INFOPLIST_FILE = EZMoviePlayerTests/Info.plist;
				LD_RUNPATH_SEARCH_PATHS = "$(inherited) @executable_path/Frameworks @loader_path/Frameworks";
				PRODUCT_NAME = "$(TARGET_NAME)";
				TEST_HOST = "$(BUILT_PRODUCTS_DIR)/EZMoviePlayer.app/EZMoviePlayer";
			};
			name = Release;
		};
/* End XCBuildConfiguration section */

/* Begin XCConfigurationList section */
		9D91916C1A64F93200ED6B43 /* Build configuration list for PBXProject "EZMoviePlayer" */ = {
			isa = XCConfigurationList;
			buildConfigurations = (
				9D9191921A64F93300ED6B43 /* Debug */,
				9D9191931A64F93300ED6B43 /* Release */,
			);
			defaultConfigurationIsVisible = 0;
			defaultConfigurationName = Release;
		};
		9D9191941A64F93300ED6B43 /* Build configuration list for PBXNativeTarget "EZMoviePlayer" */ = {
			isa = XCConfigurationList;
			buildConfigurations = (
				9D9191951A64F93300ED6B43 /* Debug */,
				9D9191961A64F93300ED6B43 /* Release */,
			);
			defaultConfigurationIsVisible = 0;
			defaultConfigurationName = Release;
		};
		9D9191971A64F93300ED6B43 /* Build configuration list for PBXNativeTarget "EZMoviePlayerTests" */ = {
			isa = XCConfigurationList;
			buildConfigurations = (
				9D9191981A64F93300ED6B43 /* Debug */,
				9D9191991A64F93300ED6B43 /* Release */,
			);
			defaultConfigurationIsVisible = 0;
			defaultConfigurationName = Release;
		};
/* End XCConfigurationList section */
	};
	rootObject = 9D9191691A64F93200ED6B43 /* Project object */;
}
